{
  "name": "breakie",
  "lockfileVersion": 2,
  "requires": true,
  "packages": {
    "": {
      "name": "breakie",
      "dependencies": {
        "typescript-react": "^0.0.2"
      }
    },
    "node_modules/typescript-react": {
      "version": "0.0.2",
      "resolved": "https://registry.npmjs.org/typescript-react/-/typescript-react-0.0.2.tgz",
      "integrity": "sha512-YFT4anZR3Woe820ObfoALlyW94pMoAM7njNjV78IquJk5qiqZGOifPk4II6HTnOueaWapfuvQVoEsNvPLQcuNg==",
      "deprecated": "Version not supported"
    }
  },
  "dependencies": {
    "typescript-react": {
      "version": "0.0.2",
      "resolved": "https://registry.npmjs.org/typescript-react/-/typescript-react-0.0.2.tgz",
      "integrity": "sha512-YFT4anZR3Woe820ObfoALlyW94pMoAM7njNjV78IquJk5qiqZGOifPk4II6HTnOueaWapfuvQVoEsNvPLQcuNg=="
    }
  }
}
